
Microsoft Visual Studio Solution File, Format Version 12.00
# Visual Studio Version 16
VisualStudioVersion = 16.0.30128.74
MinimumVisualStudioVersion = 10.0.40219.1
Project("{FAE04EC0-301F-11D3-BF4B-00C04F79EFBC}") = "King.K3.BD.App.Common.ServicePlugIn", "King.K3.BD.App.Common.ServicePlugIn.csproj", "{DB0CCBCF-E074-440A-A26B-2EB904205978}"
EndProject
Global
	GlobalSection(SolutionConfigurationPlatforms) = preSolution
		Debug|Any CPU = Debug|Any CPU
		Release|Any CPU = Release|Any CPU
	EndGlobalSection
	GlobalSection(ProjectConfigurationPlatforms) = postSolution
		{DB0CCBCF-E074-440A-A26B-2EB904205978}.Debug|Any CPU.ActiveCfg = Debug|Any CPU
		{DB0CCBCF-E074-440A-A26B-2EB904205978}.Debug|Any CPU.Build.0 = Debug|Any CPU
		{DB0CCBCF-E074-440A-A26B-2EB904205978}.Release|Any CPU.ActiveCfg = Release|Any CPU
		{DB0CCBCF-E074-440A-A26B-2EB904205978}.Release|Any CPU.Build.0 = Release|Any CPU
	EndGlobalSection
	GlobalSection(SolutionProperties) = preSolution
		HideSolutionNode = FALSE
	EndGlobalSection
	GlobalSection(ExtensibilityGlobals) = postSolution
		SolutionGuid = {AD1B76D0-F08C-4EE3-ADC9-A20E7E293AA4}
	EndGlobalSection
EndGlobal
